
Microsoft Visual Studio Solution File, Format Version 12.00
# Visual Studio Version 17
VisualStudioVersion = 17.5.002.0
MinimumVisualStudioVersion = 10.0.40219.1
Project("{9A19103F-16F7-4668-BE54-9A1E7A4F7556}") = "Churrasquinho", "Churrasquinho.csproj", "{1D025E07-F450-4A0E-A930-80E12FA3FCE5}"
EndProject
Global
	GlobalSection(SolutionConfigurationPlatforms) = preSolution
		Debug|Any CPU = Debug|Any CPU
		Release|Any CPU = Release|Any CPU
	EndGlobalSection
	GlobalSection(ProjectConfigurationPlatforms) = postSolution
		{1D025E07-F450-4A0E-A930-80E12FA3FCE5}.Debug|Any CPU.ActiveCfg = Debug|Any CPU
		{1D025E07-F450-4A0E-A930-80E12FA3FCE5}.Debug|Any CPU.Build.0 = Debug|Any CPU
		{1D025E07-F450-4A0E-A930-80E12FA3FCE5}.Release|Any CPU.ActiveCfg = Release|Any CPU
		{1D025E07-F450-4A0E-A930-80E12FA3FCE5}.Release|Any CPU.Build.0 = Release|Any CPU
	EndGlobalSection
	GlobalSection(SolutionProperties) = preSolution
		HideSolutionNode = FALSE
	EndGlobalSection
	GlobalSection(ExtensibilityGlobals) = postSolution
		SolutionGuid = {6052C278-7CD5-4A1F-B2EF-E524F88CD385}
	EndGlobalSection
EndGlobal
